// !$*UTF8*$!
{
	archiveVersion = 1;
	classes = {
	};
	objectVersion = 50;
	objects = {

/* Begin PBXBuildFile section */
		8217EF9A237FBCD300D115EA /* AppDelegate.swift in Sources */ = {isa = PBXBuildFile; fileRef = 8217EF99237FBCD300D115EA /* AppDelegate.swift */; };
		8217EF9C237FBCD300D115EA /* SceneDelegate.swift in Sources */ = {isa = PBXBuildFile; fileRef = 8217EF9B237FBCD300D115EA /* SceneDelegate.swift */; };
		8217EF9E237FBCD300D115EA /* ViewController.swift in Sources */ = {isa = PBXBuildFile; fileRef = 8217EF9D237FBCD300D115EA /* ViewController.swift */; };
		8217EFA1237FBCD300D115EA /* Main.storyboard in Resources */ = {isa = PBXBuildFile; fileRef = 8217EF9F237FBCD300D115EA /* Main.storyboard */; };
		8217EFA3237FBCD700D115EA /* Assets.xcassets in Resources */ = {isa = PBXBuildFile; fileRef = 8217EFA2237FBCD700D115EA /* Assets.xcassets */; };
		8217EFA6237FBCD700D115EA /* LaunchScreen.storyboard in Resources */ = {isa = PBXBuildFile; fileRef = 8217EFA4237FBCD700D115EA /* LaunchScreen.storyboard */; };
		8217EFAE237FBD6B00D115EA /* UIImage+Extension.swift in Sources */ = {isa = PBXBuildFile; fileRef = 8217EFAD237FBD6B00D115EA /* UIImage+Extension.swift */; };
		8217EFB8237FBF8C00D115EA /* UIImage+Category.m in Sources */ = {isa = PBXBuildFile; fileRef = 8217EFB7237FBF8C00D115EA /* UIImage+Category.m */; };
/* End PBXBuildFile section */

/* Begin PBXFileReference section */
		8217EF96237FBCD300D115EA /* CZImage.app */ = {isa = PBXFileReference; explicitFileType = wrapper.application; includeInIndex = 0; path = CZImage.app; sourceTree = BUILT_PRODUCTS_DIR; };
		8217EF99237FBCD300D115EA /* AppDelegate.swift */ = {isa = PBXFileReference; lastKnownFileType = sourcecode.swift; path = AppDelegate.swift; sourceTree = "<group>"; };
		8217EF9B237FBCD300D115EA /* SceneDelegate.swift */ = {isa = PBXFileReference; lastKnownFileType = sourcecode.swift; path = SceneDelegate.swift; sourceTree = "<group>"; };
		8217EF9D237FBCD300D115EA /* ViewController.swift */ = {isa = PBXFileReference; lastKnownFileType = sourcecode.swift; path = ViewController.swift; sourceTree = "<group>"; };
		8217EFA0237FBCD300D115EA /* Base */ = {isa = PBXFileReference; lastKnownFileType = file.storyboard; name = Base; path = Base.lproj/Main.storyboard; sourceTree = "<group>"; };
		8217EFA2237FBCD700D115EA /* Assets.xcassets */ = {isa = PBXFileReference; lastKnownFileType = folder.assetcatalog; path = Assets.xcassets; sourceTree = "<group>"; };
		8217EFA5237FBCD700D115EA /* Base */ = {isa = PBXFileReference; lastKnownFileType = file.storyboard; name = Base; path = Base.lproj/LaunchScreen.storyboard; sourceTree = "<group>"; };
		8217EFA7237FBCD700D115EA /* Info.plist */ = {isa = PBXFileReference; lastKnownFileType = text.plist.xml; path = Info.plist; sourceTree = "<group>"; };
		8217EFAD237FBD6B00D115EA /* UIImage+Extension.swift */ = {isa = PBXFileReference; lastKnownFileType = sourcecode.swift; path = "UIImage+Extension.swift"; sourceTree = "<group>"; };
		8217EFAF237FBDC300D115EA /* CZImage-Bridging-Header.h */ = {isa = PBXFileReference; lastKnownFileType = sourcecode.c.h; path = "CZImage-Bridging-Header.h"; sourceTree = "<group>"; };
		8217EFB6237FBF8C00D115EA /* UIImage+Category.h */ = {isa = PBXFileReference; lastKnownFileType = sourcecode.c.h; path = "UIImage+Category.h"; sourceTree = "<group>"; };
		8217EFB7237FBF8C00D115EA /* UIImage+Category.m */ = {isa = PBXFileReference; lastKnownFileType = sourcecode.c.objc; path = "UIImage+Category.m"; sourceTree = "<group>"; };
/* End PBXFileReference section */

/* Begin PBXFrameworksBuildPhase section */
		8217EF93237FBCD300D115EA /* Frameworks */ = {
			isa = PBXFrameworksBuildPhase;
			buildActionMask = 2147483647;
			files = (
			);
			runOnlyForDeploymentPostprocessing = 0;
		};
/* End PBXFrameworksBuildPhase section */

/* Begin PBXGroup section */
		8217EF8D237FBCD300D115EA = {
			isa = PBXGroup;
			children = (
				8217EF98237FBCD300D115EA /* CZImage */,
				8217EF97237FBCD300D115EA /* Products */,
			);
			sourceTree = "<group>";
		};
		8217EF97237FBCD300D115EA /* Products */ = {
			isa = PBXGroup;
			children = (
				8217EF96237FBCD300D115EA /* CZImage.app */,
			);
			name = Products;
			sourceTree = "<group>";
		};
		8217EF98237FBCD300D115EA /* CZImage */ = {
			isa = PBXGroup;
			children = (
				8217EF99237FBCD300D115EA /* AppDelegate.swift */,
				8217EF9B237FBCD300D115EA /* SceneDelegate.swift */,
				8217EF9D237FBCD300D115EA /* ViewController.swift */,
				8217EFAD237FBD6B00D115EA /* UIImage+Extension.swift */,
				8217EFB6237FBF8C00D115EA /* UIImage+Category.h */,
				8217EFB7237FBF8C00D115EA /* UIImage+Category.m */,
				8217EF9F237FBCD300D115EA /* Main.storyboard */,
				8217EFA2237FBCD700D115EA /* Assets.xcassets */,
				8217EFA4237FBCD700D115EA /* LaunchScreen.storyboard */,
				8217EFA7237FBCD700D115EA /* Info.plist */,
				8217EFAF237FBDC300D115EA /* CZImage-Bridging-Header.h */,
			);
			path = CZImage;
			sourceTree = "<group>";
		};
/* End PBXGroup section */

/* Begin PBXNativeTarget section */
		8217EF95237FBCD300D115EA /* CZImage */ = {
			isa = PBXNativeTarget;
			buildConfigurationList = 8217EFAA237FBCD700D115EA /* Build configuration list for PBXNativeTarget "CZImage" */;
			buildPhases = (
				8217EF92237FBCD300D115EA /* Sources */,
				8217EF93237FBCD300D115EA /* Frameworks */,
				8217EF94237FBCD300D115EA /* Resources */,
			);
			buildRules = (
			);
			dependencies = (
			);
			name = CZImage;
			productName = CZImage;
			productReference = 8217EF96237FBCD300D115EA /* CZImage.app */;
			productType = "com.apple.product-type.application";
		};
/* End PBXNativeTarget section */

/* Begin PBXProject section */
		8217EF8E237FBCD300D115EA /* Project object */ = {
			isa = PBXProject;
			attributes = {
				LastSwiftUpdateCheck = 1120;
				LastUpgradeCheck = 1120;
				ORGANIZATIONNAME = giantcro;
				TargetAttributes = {
					8217EF95237FBCD300D115EA = {
						CreatedOnToolsVersion = 11.2;
						LastSwiftMigration = 1120;
					};
				};
			};
			buildConfigurationList = 8217EF91237FBCD300D115EA /* Build configuration list for PBXProject "CZImage" */;
			compatibilityVersion = "Xcode 9.3";
			developmentRegion = en;
			hasScannedForEncodings = 0;
			knownRegions = (
				en,
				Base,
			);
			mainGroup = 8217EF8D237FBCD300D115EA;
			productRefGroup = 8217EF97237FBCD300D115EA /* Products */;
			projectDirPath = "";
			projectRoot = "";
			targets = (
				8217EF95237FBCD300D115EA /* CZImage */,
			);
		};
/* End PBXProject section */

/* Begin PBXResourcesBuildPhase section */
		8217EF94237FBCD300D115EA /* Resources */ = {
			isa = PBXResourcesBuildPhase;
			buildActionMask = 2147483647;
			files = (
				8217EFA6237FBCD700D115EA /* LaunchScreen.storyboard in Resources */,
				8217EFA3237FBCD700D115EA /* Assets.xcassets in Resources */,
				8217EFA1237FBCD300D115EA /* Main.storyboard in Resources */,
			);
			runOnlyForDeploymentPostprocessing = 0;
		};
/* End PBXResourcesBuildPhase section */

/* Begin PBXSourcesBuildPhase section */
		8217EF92237FBCD300D115EA /* Sources */ = {
			isa = PBXSourcesBuildPhase;
			buildActionMask = 2147483647;
			files = (
				8217EF9E237FBCD300D115EA /* ViewController.swift in Sources */,
				8217EF9A237FBCD300D115EA /* AppDelegate.swift in Sources */,
				8217EF9C237FBCD300D115EA /* SceneDelegate.swift in Sources */,
				8217EFAE237FBD6B00D115EA /* UIImage+Extension.swift in Sources */,
				8217EFB8237FBF8C00D115EA /* UIImage+Category.m in Sources */,
			);
			runOnlyForDeploymentPostprocessing = 0;
		};
/* End PBXSourcesBuildPhase section */

/* Begin PBXVariantGroup section */
		8217EF9F237FBCD300D115EA /* Main.storyboard */ = {
			isa = PBXVariantGroup;
			children = (
				8217EFA0237FBCD300D115EA /* Base */,
			);
			name = Main.storyboard;
			sourceTree = "<group>";
		};
		8217EFA4237FBCD700D115EA /* LaunchScreen.storyboard */ = {
			isa = PBXVariantGroup;
			children = (
				8217EFA5237FBCD700D115EA /* Base */,
			);
			name = LaunchScreen.storyboard;
			sourceTree = "<group>";
		};
/* End PBXVariantGroup section */

/* Begin XCBuildConfiguration section */
		8217EFA8237FBCD700D115EA /* Debug */ = {
			isa = XCBuildConfiguration;
			buildSettings = {
				ALWAYS_SEARCH_USER_PATHS = NO;
				CLANG_ANALYZER_NONNULL = YES;
				CLANG_ANALYZER_NUMBER_OBJECT_CONVERSION = YES_AGGRESSIVE;
				CLANG_CXX_LANGUAGE_STANDARD = "gnu++14";
				CLANG_CXX_LIBRARY = "libc++";
				CLANG_ENABLE_MODULES = YES;
				CLANG_ENABLE_OBJC_ARC = YES;
				CLANG_ENABLE_OBJC_WEAK = YES;
				CLANG_WARN_BLOCK_CAPTURE_AUTORELEASING = YES;
				CLANG_WARN_BOOL_CONVERSION = YES;
				CLANG_WARN_COMMA = YES;
				CLANG_WARN_CONSTANT_CONVERSION = YES;
				CLANG_WARN_DEPRECATED_OBJC_IMPLEMENTATIONS = YES;
				CLANG_WARN_DIRECT_OBJC_ISA_USAGE = YES_ERROR;
				CLANG_WARN_DOCUMENTATION_COMMENTS = YES;
				CLANG_WARN_EMPTY_BODY = YES;
				CLANG_WARN_ENUM_CONVERSION = YES;
				CLANG_WARN_INFINITE_RECURSION = YES;
				CLANG_WARN_INT_CONVERSION = YES;
				CLANG_WARN_NON_LITERAL_NULL_CONVERSION = YES;
				CLANG_WARN_OBJC_IMPLICIT_RETAIN_SELF = YES;
				CLANG_WARN_OBJC_LITERAL_CONVERSION = YES;
				CLANG_WARN_OBJC_ROOT_CLASS = YES_ERROR;
				CLANG_WARN_RANGE_LOOP_ANALYSIS = YES;
				CLANG_WARN_STRICT_PROTOTYPES = YES;
				CLANG_WARN_SUSPICIOUS_MOVE = YES;
				CLANG_WARN_UNGUARDED_AVAILABILITY = YES_AGGRESSIVE;
				CLANG_WARN_UNREACHABLE_CODE = YES;
				CLANG_WARN__DUPLICATE_METHOD_MATCH = YES;
				COPY_PHASE_STRIP = NO;
				DEBUG_INFORMATION_FORMAT = dwarf;
				ENABLE_STRICT_OBJC_MSGSEND = YES;
				ENABLE_TESTABILITY = YES;
				GCC_C_LANGUAGE_STANDARD = gnu11;
				GCC_DYNAMIC_NO_PIC = NO;
				GCC_NO_COMMON_BLOCKS = YES;
				GCC_OPTIMIZATION_LEVEL = 0;
				GCC_PREPROCESSOR_DEFINITIONS = (
					"DEBUG=1",
					"$(inherited)",
				);
				GCC_WARN_64_TO_32_BIT_CONVERSION = YES;
				GCC_WARN_ABOUT_RETURN_TYPE = YES_ERROR;
				GCC_WARN_UNDECLARED_SELECTOR = YES;
				GCC_WARN_UNINITIALIZED_AUTOS = YES_AGGRESSIVE;
				GCC_WARN_UNUSED_FUNCTION = YES;
				GCC_WARN_UNUSED_VARIABLE = YES;
				IPHONEOS_DEPLOYMENT_TARGET = 13.2;
				MTL_ENABLE_DEBUG_INFO = INCLUDE_SOURCE;
				MTL_FAST_MATH = YES;
				ONLY_ACTIVE_ARCH = YES;
				SDKROOT = iphoneos;
				SWIFT_ACTIVE_COMPILATION_CONDITIONS = DEBUG;
				SWIFT_OPTIMIZATION_LEVEL = "-Onone";
			};
			name = Debug;
		};
		8217EFA9237FBCD700D115EA /* Release */ = {
			isa = XCBuildConfiguration;
			buildSettings = {
				ALWAYS_SEARCH_USER_PATHS = NO;
				CLANG_ANALYZER_NONNULL = YES;
				CLANG_ANALYZER_NUMBER_OBJECT_CONVERSION = YES_AGGRESSIVE;
				CLANG_CXX_LANGUAGE_STANDARD = "gnu++14";
				CLANG_CXX_LIBRARY = "libc++";
				CLANG_ENABLE_MODULES = YES;
				CLANG_ENABLE_OBJC_ARC = YES;
				CLANG_ENABLE_OBJC_WEAK = YES;
				CLANG_WARN_BLOCK_CAPTURE_AUTORELEASING = YES;
				CLANG_WARN_BOOL_CONVERSION = YES;
				CLANG_WARN_COMMA = YES;
				CLANG_WARN_CONSTANT_CONVERSION = YES;
				CLANG_WARN_DEPRECATED_OBJC_IMPLEMENTATIONS = YES;
				CLANG_WARN_DIRECT_OBJC_ISA_USAGE = YES_ERROR;
				CLANG_WARN_DOCUMENTATION_COMMENTS = YES;
				CLANG_WARN_EMPTY_BODY = YES;
				CLANG_WARN_ENUM_CONVERSION = YES;
				CLANG_WARN_INFINITE_RECURSION = YES;
				CLANG_WARN_INT_CONVERSION = YES;
				CLANG_WARN_NON_LITERAL_NULL_CONVERSION = YES;
				CLANG_WARN_OBJC_IMPLICIT_RETAIN_SELF = YES;
				CLANG_WARN_OBJC_LITERAL_CONVERSION = YES;
				CLANG_WARN_OBJC_ROOT_CLASS = YES_ERROR;
				CLANG_WARN_RANGE_LOOP_ANALYSIS = YES;
				CLANG_WARN_STRICT_PROTOTYPES = YES;
				CLANG_WARN_SUSPICIOUS_MOVE = YES;
				CLANG_WARN_UNGUARDED_AVAILABILITY = YES_AGGRESSIVE;
				CLANG_WARN_UNREACHABLE_CODE = YES;
				CLANG_WARN__DUPLICATE_METHOD_MATCH = YES;
				COPY_PHASE_STRIP = NO;
				DEBUG_INFORMATION_FORMAT = "dwarf-with-dsym";
				ENABLE_NS_ASSERTIONS = NO;
				ENABLE_STRICT_OBJC_MSGSEND = YES;
				GCC_C_LANGUAGE_STANDARD = gnu11;
				GCC_NO_COMMON_BLOCKS = YES;
				GCC_WARN_64_TO_32_BIT_CONVERSION = YES;
				GCC_WARN_ABOUT_RETURN_TYPE = YES_ERROR;
				GCC_WARN_UNDECLARED_SELECTOR = YES;
				GCC_WARN_UNINITIALIZED_AUTOS = YES_AGGRESSIVE;
				GCC_WARN_UNUSED_FUNCTION = YES;
				GCC_WARN_UNUSED_VARIABLE = YES;
				IPHONEOS_DEPLOYMENT_TARGET = 13.2;
				MTL_ENABLE_DEBUG_INFO = NO;
				MTL_FAST_MATH = YES;
				SDKROOT = iphoneos;
				SWIFT_COMPILATION_MODE = wholemodule;
				SWIFT_OPTIMIZATION_LEVEL = "-O";
				VALIDATE_PRODUCT = YES;
			};
			name = Release;
		};
		8217EFAB237FBCD700D115EA /* Debug */ = {
			isa = XCBuildConfiguration;
			buildSettings = {
				ASSETCATALOG_COMPILER_APPICON_NAME = AppIcon;
				CLANG_ENABLE_MODULES = YES;
				CODE_SIGN_STYLE = Automatic;
				DEVELOPMENT_TEAM = 92LFM6D4UZ;
				INFOPLIST_FILE = CZImage/Info.plist;
				LD_RUNPATH_SEARCH_PATHS = (
					"$(inherited)",
					"@executable_path/Frameworks",
				);
				PRODUCT_BUNDLE_IDENTIFIER = com.giantcro.CZImage;
				PRODUCT_NAME = "$(TARGET_NAME)";
				SWIFT_OBJC_BRIDGING_HEADER = "CZImage/CZImage-Bridging-Header.h";
				SWIFT_OPTIMIZATION_LEVEL = "-Onone";
				SWIFT_VERSION = 5.0;
				TARGETED_DEVICE_FAMILY = "1,2";
			};
			name = Debug;
		};
		8217EFAC237FBCD700D115EA /* Release */ = {
			isa = XCBuildConfiguration;
			buildSettings = {
				ASSETCATALOG_COMPILER_APPICON_NAME = AppIcon;
				CLANG_ENABLE_MODULES = YES;
				CODE_SIGN_STYLE = Automatic;
				DEVELOPMENT_TEAM = 92LFM6D4UZ;
				INFOPLIST_FILE = CZImage/Info.plist;
				LD_RUNPATH_SEARCH_PATHS = (
					"$(inherited)",
					"@executable_path/Frameworks",
				);
				PRODUCT_BUNDLE_IDENTIFIER = com.giantcro.CZImage;
				PRODUCT_NAME = "$(TARGET_NAME)";
				SWIFT_OBJC_BRIDGING_HEADER = "CZImage/CZImage-Bridging-Header.h";
				SWIFT_VERSION = 5.0;
				TARGETED_DEVICE_FAMILY = "1,2";
			};
			name = Release;
		};
/* End XCBuildConfiguration section */

/* Begin XCConfigurationList section */
		8217EF91237FBCD300D115EA /* Build configuration list for PBXProject "CZImage" */ = {
			isa = XCConfigurationList;
			buildConfigurations = (
				8217EFA8237FBCD700D115EA /* Debug */,
				8217EFA9237FBCD700D115EA /* Release */,
			);
			defaultConfigurationIsVisible = 0;
			defaultConfigurationName = Release;
		};
		8217EFAA237FBCD700D115EA /* Build configuration list for PBXNativeTarget "CZImage" */ = {
			isa = XCConfigurationList;
			buildConfigurations = (
				8217EFAB237FBCD700D115EA /* Debug */,
				8217EFAC237FBCD700D115EA /* Release */,
			);
			defaultConfigurationIsVisible = 0;
			defaultConfigurationName = Release;
		};
/* End XCConfigurationList section */
	};
	rootObject = 8217EF8E237FBCD300D115EA /* Project object */;
}
